// !$*UTF8*$!
{
	archiveVersion = 1;
	classes = {
	};
	objectVersion = 56;
	objects = {

/* Begin PBXBuildFile section */
		A100000000000000000000211 /* RachioSenseApp.swift in Sources */ = {isa = PBXBuildFile; fileRef = A100000000000000000000210 /* RachioSenseApp.swift */; };
		A100000000000000000000213 /* ContentView.swift in Sources */ = {isa = PBXBuildFile; fileRef = A100000000000000000000212 /* ContentView.swift */; };
		A100000000000000000000215 /* SwiftDataModels.swift in Sources */ = {isa = PBXBuildFile; fileRef = A100000000000000000000214 /* SwiftDataModels.swift */; };
		A100000000000000000000217 /* APIModels.swift in Sources */ = {isa = PBXBuildFile; fileRef = A100000000000000000000216 /* APIModels.swift */; };
		A100000000000000000000219 /* KeychainService.swift in Sources */ = {isa = PBXBuildFile; fileRef = A100000000000000000000218 /* KeychainService.swift */; };
		A10000000000000000000021B /* SenseCraftAPI.swift in Sources */ = {isa = PBXBuildFile; fileRef = A10000000000000000000021A /* SenseCraftAPI.swift */; };
		A10000000000000000000021D /* RachioAPI.swift in Sources */ = {isa = PBXBuildFile; fileRef = A10000000000000000000021C /* RachioAPI.swift */; };
		A10000000000000000000021F /* NotificationService.swift in Sources */ = {isa = PBXBuildFile; fileRef = A10000000000000000000021E /* NotificationService.swift */; };
		A100000000000000000000221 /* AppState.swift in Sources */ = {isa = PBXBuildFile; fileRef = A100000000000000000000220 /* AppState.swift */; };
		A100000000000000000000223 /* DashboardViewModel.swift in Sources */ = {isa = PBXBuildFile; fileRef = A100000000000000000000222 /* DashboardViewModel.swift */; };
		A100000000000000000000225 /* SensorsViewModel.swift in Sources */ = {isa = PBXBuildFile; fileRef = A100000000000000000000224 /* SensorsViewModel.swift */; };
		A100000000000000000000227 /* ZonesViewModel.swift in Sources */ = {isa = PBXBuildFile; fileRef = A100000000000000000000226 /* ZonesViewModel.swift */; };
		A100000000000000000000229 /* MainTabView.swift in Sources */ = {isa = PBXBuildFile; fileRef = A100000000000000000000228 /* MainTabView.swift */; };
		A10000000000000000000022B /* DashboardView.swift in Sources */ = {isa = PBXBuildFile; fileRef = A10000000000000000000022A /* DashboardView.swift */; };
		A10000000000000000000022D /* SensorsView.swift in Sources */ = {isa = PBXBuildFile; fileRef = A10000000000000000000022C /* SensorsView.swift */; };
		A10000000000000000000022F /* SensorRowView.swift in Sources */ = {isa = PBXBuildFile; fileRef = A10000000000000000000022E /* SensorRowView.swift */; };
		A100000000000000000000231 /* ZonesView.swift in Sources */ = {isa = PBXBuildFile; fileRef = A100000000000000000000230 /* ZonesView.swift */; };
		A100000000000000000000233 /* ZoneRowView.swift in Sources */ = {isa = PBXBuildFile; fileRef = A100000000000000000000232 /* ZoneRowView.swift */; };
		A100000000000000000000235 /* SettingsView.swift in Sources */ = {isa = PBXBuildFile; fileRef = A100000000000000000000234 /* SettingsView.swift */; };
		A100000000000000000000237 /* SensorZoneLinkView.swift in Sources */ = {isa = PBXBuildFile; fileRef = A100000000000000000000236 /* SensorZoneLinkView.swift */; };
		A100000000000000000000239 /* BackgroundRefreshManager.swift in Sources */ = {isa = PBXBuildFile; fileRef = A100000000000000000000238 /* BackgroundRefreshManager.swift */; };
		A10000000000000000000023B /* Assets.xcassets in Resources */ = {isa = PBXBuildFile; fileRef = A10000000000000000000023A /* Assets.xcassets */; };
		A10000000000000000000251 /* DesignSystem.swift in Sources */ = {isa = PBXBuildFile; fileRef = A10000000000000000000250 /* DesignSystem.swift */; };
		A10000000000000000000253 /* OnboardingView.swift in Sources */ = {isa = PBXBuildFile; fileRef = A10000000000000000000252 /* OnboardingView.swift */; };
		A10000000000000000000255 /* AccountSenseCraftView.swift in Sources */ = {isa = PBXBuildFile; fileRef = A10000000000000000000254 /* AccountSenseCraftView.swift */; };
		A10000000000000000000257 /* AccountRachioView.swift in Sources */ = {isa = PBXBuildFile; fileRef = A10000000000000000000256 /* AccountRachioView.swift */; };
		A10000000000000000000259 /* SensorZoneLinksView.swift in Sources */ = {isa = PBXBuildFile; fileRef = A10000000000000000000258 /* SensorZoneLinksView.swift */; };
		A1000000000000000000025B /* ThresholdsView.swift in Sources */ = {isa = PBXBuildFile; fileRef = A1000000000000000000025A /* ThresholdsView.swift */; };
		A1000000000000000000025D /* NotificationsSettingsView.swift in Sources */ = {isa = PBXBuildFile; fileRef = A1000000000000000000025C /* NotificationsSettingsView.swift */; };
		A1000000000000000000025F /* GroupingView.swift in Sources */ = {isa = PBXBuildFile; fileRef = A1000000000000000000025E /* GroupingView.swift */; };
		A10000000000000000000261 /* RefreshRateView.swift in Sources */ = {isa = PBXBuildFile; fileRef = A10000000000000000000260 /* RefreshRateView.swift */; };
		A10000000000000000000263 /* WeatherIntegrationView.swift in Sources */ = {isa = PBXBuildFile; fileRef = A10000000000000000000262 /* WeatherIntegrationView.swift */; };
		A10000000000000000000265 /* AppearanceView.swift in Sources */ = {isa = PBXBuildFile; fileRef = A10000000000000000000264 /* AppearanceView.swift */; };
		A10000000000000000000267 /* UnitsView.swift in Sources */ = {isa = PBXBuildFile; fileRef = A10000000000000000000266 /* UnitsView.swift */; };
		A10000000000000000000269 /* DashboardLayoutView.swift in Sources */ = {isa = PBXBuildFile; fileRef = A10000000000000000000268 /* DashboardLayoutView.swift */; };
		A1000000000000000000026B /* SensorLabelsView.swift in Sources */ = {isa = PBXBuildFile; fileRef = A1000000000000000000026A /* SensorLabelsView.swift */; };
		A1000000000000000000026D /* LocalStorageView.swift in Sources */ = {isa = PBXBuildFile; fileRef = A1000000000000000000026C /* LocalStorageView.swift */; };
		A1000000000000000000026F /* ExportDataView.swift in Sources */ = {isa = PBXBuildFile; fileRef = A1000000000000000000026E /* ExportDataView.swift */; };
		A10000000000000000000271 /* PrivacyView.swift in Sources */ = {isa = PBXBuildFile; fileRef = A10000000000000000000270 /* PrivacyView.swift */; };
		A10000000000000000000273 /* HelpFAQView.swift in Sources */ = {isa = PBXBuildFile; fileRef = A10000000000000000000272 /* HelpFAQView.swift */; };
		A10000000000000000000275 /* ContactSupportView.swift in Sources */ = {isa = PBXBuildFile; fileRef = A10000000000000000000274 /* ContactSupportView.swift */; };
		A10000000000000000000277 /* DiagnosticsView.swift in Sources */ = {isa = PBXBuildFile; fileRef = A10000000000000000000276 /* DiagnosticsView.swift */; };
		A10000000000000000000279 /* AboutView.swift in Sources */ = {isa = PBXBuildFile; fileRef = A10000000000000000000278 /* AboutView.swift */; };
		A1000000000000000000027B /* ResetView.swift in Sources */ = {isa = PBXBuildFile; fileRef = A1000000000000000000027A /* ResetView.swift */; };
		A10000000000000000000282 /* SensorDetailView.swift in Sources */ = {isa = PBXBuildFile; fileRef = A10000000000000000000285 /* SensorDetailView.swift */; };
		A10000000000000000000284 /* ZoneDetailView.swift in Sources */ = {isa = PBXBuildFile; fileRef = A10000000000000000000283 /* ZoneDetailView.swift */; };
		A10000000000000000000287 /* GraphsView.swift in Sources */ = {isa = PBXBuildFile; fileRef = A10000000000000000000286 /* GraphsView.swift */; };
		A1000000000000000000028B /* SensorGraphCard.swift in Sources */ = {isa = PBXBuildFile; fileRef = A1000000000000000000028A /* SensorGraphCard.swift */; };
		A1000000000000000000028D /* GraphsViewModel.swift in Sources */ = {isa = PBXBuildFile; fileRef = A1000000000000000000028C /* GraphsViewModel.swift */; };
/* End PBXBuildFile section */

/* Begin PBXFileReference section */
		A100000000000000000000210 /* RachioSenseApp.swift */ = {isa = PBXFileReference; lastKnownFileType = sourcecode.swift; path = RachioSenseApp.swift; sourceTree = "<group>"; };
		A100000000000000000000212 /* ContentView.swift */ = {isa = PBXFileReference; lastKnownFileType = sourcecode.swift; path = ContentView.swift; sourceTree = "<group>"; };
		A100000000000000000000214 /* SwiftDataModels.swift */ = {isa = PBXFileReference; lastKnownFileType = sourcecode.swift; path = SwiftDataModels.swift; sourceTree = "<group>"; };
		A100000000000000000000216 /* APIModels.swift */ = {isa = PBXFileReference; lastKnownFileType = sourcecode.swift; path = APIModels.swift; sourceTree = "<group>"; };
		A100000000000000000000218 /* KeychainService.swift */ = {isa = PBXFileReference; lastKnownFileType = sourcecode.swift; path = KeychainService.swift; sourceTree = "<group>"; };
		A10000000000000000000021A /* SenseCraftAPI.swift */ = {isa = PBXFileReference; lastKnownFileType = sourcecode.swift; path = SenseCraftAPI.swift; sourceTree = "<group>"; };
		A10000000000000000000021C /* RachioAPI.swift */ = {isa = PBXFileReference; lastKnownFileType = sourcecode.swift; path = RachioAPI.swift; sourceTree = "<group>"; };
		A10000000000000000000021E /* NotificationService.swift */ = {isa = PBXFileReference; lastKnownFileType = sourcecode.swift; path = NotificationService.swift; sourceTree = "<group>"; };
		A100000000000000000000220 /* AppState.swift */ = {isa = PBXFileReference; lastKnownFileType = sourcecode.swift; path = AppState.swift; sourceTree = "<group>"; };
		A100000000000000000000222 /* DashboardViewModel.swift */ = {isa = PBXFileReference; lastKnownFileType = sourcecode.swift; path = DashboardViewModel.swift; sourceTree = "<group>"; };
		A100000000000000000000224 /* SensorsViewModel.swift */ = {isa = PBXFileReference; lastKnownFileType = sourcecode.swift; path = SensorsViewModel.swift; sourceTree = "<group>"; };
		A100000000000000000000226 /* ZonesViewModel.swift */ = {isa = PBXFileReference; lastKnownFileType = sourcecode.swift; path = ZonesViewModel.swift; sourceTree = "<group>"; };
		A100000000000000000000228 /* MainTabView.swift */ = {isa = PBXFileReference; lastKnownFileType = sourcecode.swift; path = MainTabView.swift; sourceTree = "<group>"; };
		A10000000000000000000022A /* DashboardView.swift */ = {isa = PBXFileReference; lastKnownFileType = sourcecode.swift; path = DashboardView.swift; sourceTree = "<group>"; };
		A10000000000000000000022C /* SensorsView.swift */ = {isa = PBXFileReference; lastKnownFileType = sourcecode.swift; path = SensorsView.swift; sourceTree = "<group>"; };
		A10000000000000000000022E /* SensorRowView.swift */ = {isa = PBXFileReference; lastKnownFileType = sourcecode.swift; path = SensorRowView.swift; sourceTree = "<group>"; };
		A100000000000000000000230 /* ZonesView.swift */ = {isa = PBXFileReference; lastKnownFileType = sourcecode.swift; path = ZonesView.swift; sourceTree = "<group>"; };
		A100000000000000000000232 /* ZoneRowView.swift */ = {isa = PBXFileReference; lastKnownFileType = sourcecode.swift; path = ZoneRowView.swift; sourceTree = "<group>"; };
		A100000000000000000000234 /* SettingsView.swift */ = {isa = PBXFileReference; lastKnownFileType = sourcecode.swift; path = SettingsView.swift; sourceTree = "<group>"; };
		A100000000000000000000236 /* SensorZoneLinkView.swift */ = {isa = PBXFileReference; lastKnownFileType = sourcecode.swift; path = SensorZoneLinkView.swift; sourceTree = "<group>"; };
		A100000000000000000000238 /* BackgroundRefreshManager.swift */ = {isa = PBXFileReference; lastKnownFileType = sourcecode.swift; path = BackgroundRefreshManager.swift; sourceTree = "<group>"; };
		A10000000000000000000023A /* Assets.xcassets */ = {isa = PBXFileReference; lastKnownFileType = folder.assetcatalog; path = Assets.xcassets; sourceTree = "<group>"; };
		A10000000000000000000023C /* Info.plist */ = {isa = PBXFileReference; lastKnownFileType = text.plist.xml; path = Info.plist; sourceTree = "<group>"; };
		A100000000000000000000247 /* RachioSense.app */ = {isa = PBXFileReference; explicitFileType = wrapper.application; includeInIndex = 0; path = RachioSense.app; sourceTree = BUILT_PRODUCTS_DIR; };
		A10000000000000000000248 /* RachioSense.entitlements */ = {isa = PBXFileReference; lastKnownFileType = text.plist.entitlements; path = RachioSense.entitlements; sourceTree = "<group>"; };
		A10000000000000000000250 /* DesignSystem.swift */ = {isa = PBXFileReference; lastKnownFileType = sourcecode.swift; path = DesignSystem.swift; sourceTree = "<group>"; };
		A10000000000000000000252 /* OnboardingView.swift */ = {isa = PBXFileReference; lastKnownFileType = sourcecode.swift; path = OnboardingView.swift; sourceTree = "<group>"; };
		A10000000000000000000254 /* AccountSenseCraftView.swift */ = {isa = PBXFileReference; lastKnownFileType = sourcecode.swift; path = AccountSenseCraftView.swift; sourceTree = "<group>"; };
		A10000000000000000000256 /* AccountRachioView.swift */ = {isa = PBXFileReference; lastKnownFileType = sourcecode.swift; path = AccountRachioView.swift; sourceTree = "<group>"; };
		A10000000000000000000258 /* SensorZoneLinksView.swift */ = {isa = PBXFileReference; lastKnownFileType = sourcecode.swift; path = SensorZoneLinksView.swift; sourceTree = "<group>"; };
		A1000000000000000000025A /* ThresholdsView.swift */ = {isa = PBXFileReference; lastKnownFileType = sourcecode.swift; path = ThresholdsView.swift; sourceTree = "<group>"; };
		A1000000000000000000025C /* NotificationsSettingsView.swift */ = {isa = PBXFileReference; lastKnownFileType = sourcecode.swift; path = NotificationsSettingsView.swift; sourceTree = "<group>"; };
		A1000000000000000000025E /* GroupingView.swift */ = {isa = PBXFileReference; lastKnownFileType = sourcecode.swift; path = GroupingView.swift; sourceTree = "<group>"; };
		A10000000000000000000260 /* RefreshRateView.swift */ = {isa = PBXFileReference; lastKnownFileType = sourcecode.swift; path = RefreshRateView.swift; sourceTree = "<group>"; };
		A10000000000000000000262 /* WeatherIntegrationView.swift */ = {isa = PBXFileReference; lastKnownFileType = sourcecode.swift; path = WeatherIntegrationView.swift; sourceTree = "<group>"; };
		A10000000000000000000264 /* AppearanceView.swift */ = {isa = PBXFileReference; lastKnownFileType = sourcecode.swift; path = AppearanceView.swift; sourceTree = "<group>"; };
		A10000000000000000000266 /* UnitsView.swift */ = {isa = PBXFileReference; lastKnownFileType = sourcecode.swift; path = UnitsView.swift; sourceTree = "<group>"; };
		A10000000000000000000268 /* DashboardLayoutView.swift */ = {isa = PBXFileReference; lastKnownFileType = sourcecode.swift; path = DashboardLayoutView.swift; sourceTree = "<group>"; };
		A1000000000000000000026A /* SensorLabelsView.swift */ = {isa = PBXFileReference; lastKnownFileType = sourcecode.swift; path = SensorLabelsView.swift; sourceTree = "<group>"; };
		A1000000000000000000026C /* LocalStorageView.swift */ = {isa = PBXFileReference; lastKnownFileType = sourcecode.swift; path = LocalStorageView.swift; sourceTree = "<group>"; };
		A1000000000000000000026E /* ExportDataView.swift */ = {isa = PBXFileReference; lastKnownFileType = sourcecode.swift; path = ExportDataView.swift; sourceTree = "<group>"; };
		A10000000000000000000270 /* PrivacyView.swift */ = {isa = PBXFileReference; lastKnownFileType = sourcecode.swift; path = PrivacyView.swift; sourceTree = "<group>"; };
		A10000000000000000000272 /* HelpFAQView.swift */ = {isa = PBXFileReference; lastKnownFileType = sourcecode.swift; path = HelpFAQView.swift; sourceTree = "<group>"; };
		A10000000000000000000274 /* ContactSupportView.swift */ = {isa = PBXFileReference; lastKnownFileType = sourcecode.swift; path = ContactSupportView.swift; sourceTree = "<group>"; };
		A10000000000000000000276 /* DiagnosticsView.swift */ = {isa = PBXFileReference; lastKnownFileType = sourcecode.swift; path = DiagnosticsView.swift; sourceTree = "<group>"; };
		A10000000000000000000278 /* AboutView.swift */ = {isa = PBXFileReference; lastKnownFileType = sourcecode.swift; path = AboutView.swift; sourceTree = "<group>"; };
		A1000000000000000000027A /* ResetView.swift */ = {isa = PBXFileReference; lastKnownFileType = sourcecode.swift; path = ResetView.swift; sourceTree = "<group>"; };
		A10000000000000000000283 /* ZoneDetailView.swift */ = {isa = PBXFileReference; lastKnownFileType = sourcecode.swift; path = ZoneDetailView.swift; sourceTree = "<group>"; };
		A10000000000000000000285 /* SensorDetailView.swift */ = {isa = PBXFileReference; lastKnownFileType = sourcecode.swift; path = SensorDetailView.swift; sourceTree = "<group>"; };
		A10000000000000000000286 /* GraphsView.swift */ = {isa = PBXFileReference; lastKnownFileType = sourcecode.swift; path = GraphsView.swift; sourceTree = "<group>"; };
		A1000000000000000000028A /* SensorGraphCard.swift */ = {isa = PBXFileReference; lastKnownFileType = sourcecode.swift; path = SensorGraphCard.swift; sourceTree = "<group>"; };
		A1000000000000000000028C /* GraphsViewModel.swift */ = {isa = PBXFileReference; lastKnownFileType = sourcecode.swift; path = GraphsViewModel.swift; sourceTree = "<group>"; };
/* End PBXFileReference section */

/* Begin PBXFrameworksBuildPhase section */
		A100000000000000000000200 /* Frameworks */ = {
			isa = PBXFrameworksBuildPhase;
			buildActionMask = 2147483647;
			files = (
			);
			runOnlyForDeploymentPostprocessing = 0;
		};
/* End PBXFrameworksBuildPhase section */

/* Begin PBXGroup section */
		A1000000000000000000000B = {
			isa = PBXGroup;
			children = (
				A10000000000000000000023D /* RachioSense */,
				A1000000000000000000000C /* Products */,
			);
			sourceTree = "<group>";
		};
		A1000000000000000000000C /* Products */ = {
			isa = PBXGroup;
			children = (
				A100000000000000000000247 /* RachioSense.app */,
			);
			name = Products;
			sourceTree = "<group>";
		};
		A10000000000000000000023D /* RachioSense */ = {
			isa = PBXGroup;
			children = (
				A100000000000000000000210 /* RachioSenseApp.swift */,
				A100000000000000000000212 /* ContentView.swift */,
				A10000000000000000000023A /* Assets.xcassets */,
				A10000000000000000000023C /* Info.plist */,
				A10000000000000000000248 /* RachioSense.entitlements */,
				A10000000000000000000023E /* Models */,
				A10000000000000000000023F /* Services */,
				A100000000000000000000240 /* ViewModels */,
				A100000000000000000000241 /* Views */,
				A100000000000000000000246 /* Background */,
				A10000000000000000000281 /* DesignSystem */,
			);
			path = RachioSense;
			sourceTree = "<group>";
		};
		A10000000000000000000023E /* Models */ = {
			isa = PBXGroup;
			children = (
				A100000000000000000000214 /* SwiftDataModels.swift */,
				A100000000000000000000216 /* APIModels.swift */,
			);
			path = Models;
			sourceTree = "<group>";
		};
		A10000000000000000000023F /* Services */ = {
			isa = PBXGroup;
			children = (
				A100000000000000000000218 /* KeychainService.swift */,
				A10000000000000000000021A /* SenseCraftAPI.swift */,
				A10000000000000000000021C /* RachioAPI.swift */,
				A10000000000000000000021E /* NotificationService.swift */,
			);
			path = Services;
			sourceTree = "<group>";
		};
		A100000000000000000000240 /* ViewModels */ = {
			isa = PBXGroup;
			children = (
				A100000000000000000000220 /* AppState.swift */,
				A100000000000000000000222 /* DashboardViewModel.swift */,
				A100000000000000000000224 /* SensorsViewModel.swift */,
				A100000000000000000000226 /* ZonesViewModel.swift */,
				A1000000000000000000028C /* GraphsViewModel.swift */,
			);
			path = ViewModels;
			sourceTree = "<group>";
		};
		A100000000000000000000241 /* Views */ = {
			isa = PBXGroup;
			children = (
				A100000000000000000000228 /* MainTabView.swift */,
				A100000000000000000000242 /* Dashboard */,
				A100000000000000000000243 /* Sensors */,
				A100000000000000000000244 /* Zones */,
				A100000000000000000000245 /* Settings */,
				A1000000000000000000028E /* Graphs */,
			);
			path = Views;
			sourceTree = "<group>";
		};
		A100000000000000000000242 /* Dashboard */ = {
			isa = PBXGroup;
			children = (
				A10000000000000000000022A /* DashboardView.swift */,
			);
			path = Dashboard;
			sourceTree = "<group>";
		};
		A100000000000000000000243 /* Sensors */ = {
			isa = PBXGroup;
			children = (
				A10000000000000000000022C /* SensorsView.swift */,
				A10000000000000000000022E /* SensorRowView.swift */,
				A10000000000000000000285 /* SensorDetailView.swift */,
			);
			path = Sensors;
			sourceTree = "<group>";
		};
		A100000000000000000000244 /* Zones */ = {
			isa = PBXGroup;
			children = (
				A100000000000000000000230 /* ZonesView.swift */,
				A100000000000000000000232 /* ZoneRowView.swift */,
				A10000000000000000000283 /* ZoneDetailView.swift */,
			);
			path = Zones;
			sourceTree = "<group>";
		};
		A100000000000000000000245 /* Settings */ = {
			isa = PBXGroup;
			children = (
				A100000000000000000000234 /* SettingsView.swift */,
				A100000000000000000000236 /* SensorZoneLinkView.swift */,
				A10000000000000000000252 /* OnboardingView.swift */,
				A1000000000000000000027A /* ResetView.swift */,
				A1000000000000000000027C /* Account */,
				A1000000000000000000027D /* Configuration */,
				A1000000000000000000027E /* Display */,
				A1000000000000000000027F /* DataPrivacy */,
				A10000000000000000000280 /* Support */,
			);
			path = Settings;
			sourceTree = "<group>";
		};
		A100000000000000000000246 /* Background */ = {
			isa = PBXGroup;
			children = (
				A100000000000000000000238 /* BackgroundRefreshManager.swift */,
			);
			path = Background;
			sourceTree = "<group>";
		};
		A1000000000000000000027C /* Account */ = {
			isa = PBXGroup;
			children = (
				A10000000000000000000254 /* AccountSenseCraftView.swift */,
				A10000000000000000000256 /* AccountRachioView.swift */,
			);
			path = Account;
			sourceTree = "<group>";
		};
		A1000000000000000000027D /* Configuration */ = {
			isa = PBXGroup;
			children = (
				A10000000000000000000258 /* SensorZoneLinksView.swift */,
				A1000000000000000000025A /* ThresholdsView.swift */,
				A1000000000000000000025C /* NotificationsSettingsView.swift */,
				A1000000000000000000025E /* GroupingView.swift */,
				A10000000000000000000260 /* RefreshRateView.swift */,
				A10000000000000000000262 /* WeatherIntegrationView.swift */,
			);
			path = Configuration;
			sourceTree = "<group>";
		};
		A1000000000000000000027E /* Display */ = {
			isa = PBXGroup;
			children = (
				A10000000000000000000264 /* AppearanceView.swift */,
				A10000000000000000000266 /* UnitsView.swift */,
				A10000000000000000000268 /* DashboardLayoutView.swift */,
				A1000000000000000000026A /* SensorLabelsView.swift */,
			);
			path = Display;
			sourceTree = "<group>";
		};
		A1000000000000000000027F /* DataPrivacy */ = {
			isa = PBXGroup;
			children = (
				A1000000000000000000026C /* LocalStorageView.swift */,
				A1000000000000000000026E /* ExportDataView.swift */,
				A10000000000000000000270 /* PrivacyView.swift */,
			);
			path = DataPrivacy;
			sourceTree = "<group>";
		};
		A10000000000000000000280 /* Support */ = {
			isa = PBXGroup;
			children = (
				A10000000000000000000272 /* HelpFAQView.swift */,
				A10000000000000000000274 /* ContactSupportView.swift */,
				A10000000000000000000276 /* DiagnosticsView.swift */,
				A10000000000000000000278 /* AboutView.swift */,
			);
			path = Support;
			sourceTree = "<group>";
		};
		A10000000000000000000281 /* DesignSystem */ = {
			isa = PBXGroup;
			children = (
				A10000000000000000000250 /* DesignSystem.swift */,
			);
			path = DesignSystem;
			sourceTree = "<group>";
		};
		A1000000000000000000028E /* Graphs */ = {
			isa = PBXGroup;
			children = (
				A10000000000000000000286 /* GraphsView.swift */,
				A1000000000000000000028A /* SensorGraphCard.swift */,
			);
			path = Graphs;
			sourceTree = "<group>";
		};
/* End PBXGroup section */

/* Begin PBXNativeTarget section */
		A1000000000000000000000D /* RachioSense */ = {
			isa = PBXNativeTarget;
			buildConfigurationList = A1000000000000000000000F /* Build configuration list for PBXNativeTarget "RachioSense" */;
			buildPhases = (
				A1000000000000000000001E /* Sources */,
				A1000000000000000000001F /* Resources */,
				A100000000000000000000200 /* Frameworks */,
			);
			buildRules = (
			);
			dependencies = (
			);
			name = RachioSense;
			productName = RachioSense;
			productReference = A100000000000000000000247 /* RachioSense.app */;
			productType = "com.apple.product-type.application";
		};
/* End PBXNativeTarget section */

/* Begin PBXProject section */
		A1000000000000000000000A /* Project object */ = {
			isa = PBXProject;
			attributes = {
				BuildIndependentTargetsInParallel = 1;
				LastSwiftUpdateCheck = 1500;
				LastUpgradeCheck = 2630;
				TargetAttributes = {
					A1000000000000000000000D = {
						CreatedOnToolsVersion = 15.0;
					};
				};
			};
			buildConfigurationList = A1000000000000000000000E /* Build configuration list for PBXProject "RachioSense" */;
			compatibilityVersion = "Xcode 14.0";
			developmentRegion = en;
			hasScannedForEncodings = 0;
			knownRegions = (
				en,
				Base,
			);
			mainGroup = A1000000000000000000000B;
			productRefGroup = A1000000000000000000000C /* Products */;
			projectDirPath = "";
			projectRoot = "";
			targets = (
				A1000000000000000000000D /* RachioSense */,
			);
		};
/* End PBXProject section */

/* Begin PBXResourcesBuildPhase section */
		A1000000000000000000001F /* Resources */ = {
			isa = PBXResourcesBuildPhase;
			buildActionMask = 2147483647;
			files = (
				A10000000000000000000023B /* Assets.xcassets in Resources */,
			);
			runOnlyForDeploymentPostprocessing = 0;
		};
/* End PBXResourcesBuildPhase section */

/* Begin PBXSourcesBuildPhase section */
		A1000000000000000000001E /* Sources */ = {
			isa = PBXSourcesBuildPhase;
			buildActionMask = 2147483647;
			files = (
				A100000000000000000000211 /* RachioSenseApp.swift in Sources */,
				A100000000000000000000213 /* ContentView.swift in Sources */,
				A100000000000000000000215 /* SwiftDataModels.swift in Sources */,
				A100000000000000000000217 /* APIModels.swift in Sources */,
				A100000000000000000000219 /* KeychainService.swift in Sources */,
				A10000000000000000000021B /* SenseCraftAPI.swift in Sources */,
				A10000000000000000000021D /* RachioAPI.swift in Sources */,
				A10000000000000000000021F /* NotificationService.swift in Sources */,
				A100000000000000000000221 /* AppState.swift in Sources */,
				A100000000000000000000223 /* DashboardViewModel.swift in Sources */,
				A100000000000000000000225 /* SensorsViewModel.swift in Sources */,
				A100000000000000000000227 /* ZonesViewModel.swift in Sources */,
				A100000000000000000000229 /* MainTabView.swift in Sources */,
				A10000000000000000000022B /* DashboardView.swift in Sources */,
				A10000000000000000000022D /* SensorsView.swift in Sources */,
				A10000000000000000000022F /* SensorRowView.swift in Sources */,
				A100000000000000000000231 /* ZonesView.swift in Sources */,
				A100000000000000000000233 /* ZoneRowView.swift in Sources */,
				A100000000000000000000235 /* SettingsView.swift in Sources */,
				A100000000000000000000237 /* SensorZoneLinkView.swift in Sources */,
				A100000000000000000000239 /* BackgroundRefreshManager.swift in Sources */,
				A10000000000000000000251 /* DesignSystem.swift in Sources */,
				A10000000000000000000253 /* OnboardingView.swift in Sources */,
				A10000000000000000000255 /* AccountSenseCraftView.swift in Sources */,
				A10000000000000000000257 /* AccountRachioView.swift in Sources */,
				A10000000000000000000259 /* SensorZoneLinksView.swift in Sources */,
				A1000000000000000000025B /* ThresholdsView.swift in Sources */,
				A1000000000000000000025D /* NotificationsSettingsView.swift in Sources */,
				A1000000000000000000025F /* GroupingView.swift in Sources */,
				A10000000000000000000261 /* RefreshRateView.swift in Sources */,
				A10000000000000000000263 /* WeatherIntegrationView.swift in Sources */,
				A10000000000000000000265 /* AppearanceView.swift in Sources */,
				A10000000000000000000267 /* UnitsView.swift in Sources */,
				A10000000000000000000269 /* DashboardLayoutView.swift in Sources */,
				A1000000000000000000026B /* SensorLabelsView.swift in Sources */,
				A1000000000000000000026D /* LocalStorageView.swift in Sources */,
				A1000000000000000000026F /* ExportDataView.swift in Sources */,
				A10000000000000000000271 /* PrivacyView.swift in Sources */,
				A10000000000000000000273 /* HelpFAQView.swift in Sources */,
				A10000000000000000000275 /* ContactSupportView.swift in Sources */,
				A10000000000000000000277 /* DiagnosticsView.swift in Sources */,
				A10000000000000000000279 /* AboutView.swift in Sources */,
				A1000000000000000000027B /* ResetView.swift in Sources */,
				A10000000000000000000282 /* SensorDetailView.swift in Sources */,
				A10000000000000000000284 /* ZoneDetailView.swift in Sources */,
				A10000000000000000000287 /* GraphsView.swift in Sources */,
				A1000000000000000000028B /* SensorGraphCard.swift in Sources */,
				A1000000000000000000028D /* GraphsViewModel.swift in Sources */,
			);
			runOnlyForDeploymentPostprocessing = 0;
		};
/* End PBXSourcesBuildPhase section */

/* Begin XCBuildConfiguration section */
		A1000000000000000000001A /* Debug */ = {
			isa = XCBuildConfiguration;
			buildSettings = {
				ALWAYS_SEARCH_USER_PATHS = NO;
				ASSETCATALOG_COMPILER_GENERATE_SWIFT_ASSET_SYMBOL_EXTENSIONS = YES;
				CLANG_ANALYZER_NONNULL = YES;
				CLANG_ANALYZER_NUMBER_OBJECT_CONVERSION = YES_AGGRESSIVE;
				CLANG_CXX_LANGUAGE_STANDARD = "gnu++20";
				CLANG_ENABLE_MODULES = YES;
				CLANG_ENABLE_OBJC_ARC = YES;
				CLANG_ENABLE_OBJC_WEAK = YES;
				CLANG_WARN_BLOCK_CAPTURE_AUTORELEASING = YES;
				CLANG_WARN_BOOL_CONVERSION = YES;
				CLANG_WARN_COMMA = YES;
				CLANG_WARN_CONSTANT_CONVERSION = YES;
				CLANG_WARN_DEPRECATED_OBJC_IMPLEMENTATIONS = YES;
				CLANG_WARN_DIRECT_OBJC_ISA_USAGE = YES_ERROR;
				CLANG_WARN_DOCUMENTATION_COMMENTS = YES;
				CLANG_WARN_EMPTY_BODY = YES;
				CLANG_WARN_ENUM_CONVERSION = YES;
				CLANG_WARN_INFINITE_RECURSION = YES;
				CLANG_WARN_INT_CONVERSION = YES;
				CLANG_WARN_NON_LITERAL_NULL_CONVERSION = YES;
				CLANG_WARN_OBJC_IMPLICIT_RETAIN_SELF = YES;
				CLANG_WARN_OBJC_LITERAL_CONVERSION = YES;
				CLANG_WARN_OBJC_ROOT_CLASS = YES_ERROR;
				CLANG_WARN_QUOTED_INCLUDE_IN_FRAMEWORK_HEADER = YES;
				CLANG_WARN_RANGE_LOOP_ANALYSIS = YES;
				CLANG_WARN_STRICT_PROTOTYPES = YES;
				CLANG_WARN_SUSPICIOUS_MOVE = YES;
				CLANG_WARN_UNGUARDED_AVAILABILITY = YES_AGGRESSIVE;
				CLANG_WARN_UNREACHABLE_CODE = YES;
				CLANG_WARN__DUPLICATE_METHOD_MATCH = YES;
				COPY_PHASE_STRIP = NO;
				DEBUG_INFORMATION_FORMAT = dwarf;
				DEVELOPMENT_TEAM = WQ4HK8NXS9;
				ENABLE_STRICT_OBJC_MSGSEND = YES;
				ENABLE_TESTABILITY = YES;
				ENABLE_USER_SCRIPT_SANDBOXING = YES;
				GCC_C_LANGUAGE_STANDARD = gnu17;
				GCC_DYNAMIC_NO_PIC = NO;
				GCC_NO_COMMON_BLOCKS = YES;
				GCC_OPTIMIZATION_LEVEL = 0;
				GCC_PREPROCESSOR_DEFINITIONS = (
					"DEBUG=1",
					"$(inherited)",
				);
				GCC_WARN_64_TO_32_BIT_CONVERSION = YES;
				GCC_WARN_ABOUT_RETURN_TYPE = YES_ERROR;
				GCC_WARN_UNDECLARED_SELECTOR = YES;
				GCC_WARN_UNINITIALIZED_AUTOS = YES_AGGRESSIVE;
				GCC_WARN_UNUSED_FUNCTION = YES;
				GCC_WARN_UNUSED_VARIABLE = YES;
				IPHONEOS_DEPLOYMENT_TARGET = 17.0;
				MTL_ENABLE_DEBUG_INFO = INCLUDE_SOURCE;
				MTL_FAST_MATH = YES;
				ONLY_ACTIVE_ARCH = YES;
				SDKROOT = iphoneos;
				STRING_CATALOG_GENERATE_SYMBOLS = YES;
				SWIFT_ACTIVE_COMPILATION_CONDITIONS = DEBUG;
				SWIFT_OPTIMIZATION_LEVEL = "-Onone";
			};
			name = Debug;
		};
		A1000000000000000000001B /* Release */ = {
			isa = XCBuildConfiguration;
			buildSettings = {
				ALWAYS_SEARCH_USER_PATHS = NO;
				ASSETCATALOG_COMPILER_GENERATE_SWIFT_ASSET_SYMBOL_EXTENSIONS = YES;
				CLANG_ANALYZER_NONNULL = YES;
				CLANG_ANALYZER_NUMBER_OBJECT_CONVERSION = YES_AGGRESSIVE;
				CLANG_CXX_LANGUAGE_STANDARD = "gnu++20";
				CLANG_ENABLE_MODULES = YES;
				CLANG_ENABLE_OBJC_ARC = YES;
				CLANG_ENABLE_OBJC_WEAK = YES;
				CLANG_WARN_BLOCK_CAPTURE_AUTORELEASING = YES;
				CLANG_WARN_BOOL_CONVERSION = YES;
				CLANG_WARN_COMMA = YES;
				CLANG_WARN_CONSTANT_CONVERSION = YES;
				CLANG_WARN_DEPRECATED_OBJC_IMPLEMENTATIONS = YES;
				CLANG_WARN_DIRECT_OBJC_ISA_USAGE = YES_ERROR;
				CLANG_WARN_DOCUMENTATION_COMMENTS = YES;
				CLANG_WARN_EMPTY_BODY = YES;
				CLANG_WARN_ENUM_CONVERSION = YES;
				CLANG_WARN_INFINITE_RECURSION = YES;
				CLANG_WARN_INT_CONVERSION = YES;
				CLANG_WARN_NON_LITERAL_NULL_CONVERSION = YES;
				CLANG_WARN_OBJC_IMPLICIT_RETAIN_SELF = YES;
				CLANG_WARN_OBJC_LITERAL_CONVERSION = YES;
				CLANG_WARN_OBJC_ROOT_CLASS = YES_ERROR;
				CLANG_WARN_QUOTED_INCLUDE_IN_FRAMEWORK_HEADER = YES;
				CLANG_WARN_RANGE_LOOP_ANALYSIS = YES;
				CLANG_WARN_STRICT_PROTOTYPES = YES;
				CLANG_WARN_SUSPICIOUS_MOVE = YES;
				CLANG_WARN_UNGUARDED_AVAILABILITY = YES_AGGRESSIVE;
				CLANG_WARN_UNREACHABLE_CODE = YES;
				CLANG_WARN__DUPLICATE_METHOD_MATCH = YES;
				COPY_PHASE_STRIP = NO;
				DEBUG_INFORMATION_FORMAT = "dwarf-with-dsym";
				DEVELOPMENT_TEAM = WQ4HK8NXS9;
				ENABLE_NS_ASSERTIONS = NO;
				ENABLE_STRICT_OBJC_MSGSEND = YES;
				ENABLE_USER_SCRIPT_SANDBOXING = YES;
				GCC_C_LANGUAGE_STANDARD = gnu17;
				GCC_NO_COMMON_BLOCKS = YES;
				GCC_WARN_64_TO_32_BIT_CONVERSION = YES;
				GCC_WARN_ABOUT_RETURN_TYPE = YES_ERROR;
				GCC_WARN_UNDECLARED_SELECTOR = YES;
				GCC_WARN_UNINITIALIZED_AUTOS = YES_AGGRESSIVE;
				GCC_WARN_UNUSED_FUNCTION = YES;
				GCC_WARN_UNUSED_VARIABLE = YES;
				IPHONEOS_DEPLOYMENT_TARGET = 17.0;
				MTL_FAST_MATH = YES;
				SDKROOT = iphoneos;
				STRING_CATALOG_GENERATE_SYMBOLS = YES;
				SWIFT_COMPILATION_MODE = wholemodule;
				SWIFT_OPTIMIZATION_LEVEL = "-O";
				VALIDATE_PRODUCT = YES;
			};
			name = Release;
		};
		A1000000000000000000001C /* Debug */ = {
			isa = XCBuildConfiguration;
			buildSettings = {
				ASSETCATALOG_COMPILER_APPICON_NAME = AppIcon;
				ASSETCATALOG_COMPILER_GLOBAL_ACCENT_COLOR_NAME = AccentColor;
				CODE_SIGN_ENTITLEMENTS = RachioSense/RachioSense.entitlements;
				CODE_SIGN_STYLE = Automatic;
				CURRENT_PROJECT_VERSION = 1;
				GENERATE_INFOPLIST_FILE = NO;
				INFOPLIST_FILE = RachioSense/Info.plist;
				IPHONEOS_DEPLOYMENT_TARGET = 17.0;
				LD_RUNPATH_SEARCH_PATHS = (
					"$(inherited)",
					"@executable_path/Frameworks",
				);
				MARKETING_VERSION = 1.0;
				PRODUCT_BUNDLE_IDENTIFIER = com.rachiosense.app;
				PRODUCT_NAME = RachioSense;
				SWIFT_EMIT_LOC_STRINGS = YES;
				SWIFT_VERSION = 5.0;
				TARGETED_DEVICE_FAMILY = 1;
			};
			name = Debug;
		};
		A1000000000000000000001D /* Release */ = {
			isa = XCBuildConfiguration;
			buildSettings = {
				ASSETCATALOG_COMPILER_APPICON_NAME = AppIcon;
				ASSETCATALOG_COMPILER_GLOBAL_ACCENT_COLOR_NAME = AccentColor;
				CODE_SIGN_ENTITLEMENTS = RachioSense/RachioSense.entitlements;
				CODE_SIGN_STYLE = Automatic;
				CURRENT_PROJECT_VERSION = 1;
				GENERATE_INFOPLIST_FILE = NO;
				INFOPLIST_FILE = RachioSense/Info.plist;
				IPHONEOS_DEPLOYMENT_TARGET = 17.0;
				LD_RUNPATH_SEARCH_PATHS = (
					"$(inherited)",
					"@executable_path/Frameworks",
				);
				MARKETING_VERSION = 1.0;
				PRODUCT_BUNDLE_IDENTIFIER = com.rachiosense.app;
				PRODUCT_NAME = RachioSense;
				SWIFT_EMIT_LOC_STRINGS = YES;
				SWIFT_VERSION = 5.0;
				TARGETED_DEVICE_FAMILY = 1;
			};
			name = Release;
		};
/* End XCBuildConfiguration section */

/* Begin XCConfigurationList section */
		A1000000000000000000000E /* Build configuration list for PBXProject "RachioSense" */ = {
			isa = XCConfigurationList;
			buildConfigurations = (
				A1000000000000000000001A /* Debug */,
				A1000000000000000000001B /* Release */,
			);
			defaultConfigurationIsVisible = 0;
			defaultConfigurationName = Release;
		};
		A1000000000000000000000F /* Build configuration list for PBXNativeTarget "RachioSense" */ = {
			isa = XCConfigurationList;
			buildConfigurations = (
				A1000000000000000000001C /* Debug */,
				A1000000000000000000001D /* Release */,
			);
			defaultConfigurationIsVisible = 0;
			defaultConfigurationName = Release;
		};
/* End XCConfigurationList section */
	};
	rootObject = A1000000000000000000000A /* Project object */;
}
